
Microsoft Visual Studio Solution File, Format Version 12.00
# Visual Studio Version 17
VisualStudioVersion = 17.11.35222.181
MinimumVisualStudioVersion = 10.0.40219.1
Project("{FAE04EC0-301F-11D3-BF4B-00C04F79EFBC}") = "TODO.Presentation", "TODO.Presentation.csproj", "{42105344-D70B-4B76-AEC7-9AA835A52C77}"
EndProject
Project("{FAE04EC0-301F-11D3-BF4B-00C04F79EFBC}") = "TODO.Domain", "..\TODO.Domain\TODO.Domain.csproj", "{E2540493-7427-42F4-8D3A-6FD02CF91556}"
EndProject
Project("{FAE04EC0-301F-11D3-BF4B-00C04F79EFBC}") = "TODO.Application", "..\TODO.Application\TODO.Application.csproj", "{6E6E1583-C354-4E2B-AA26-05257DEFA77C}"
EndProject
Project("{FAE04EC0-301F-11D3-BF4B-00C04F79EFBC}") = "TODO.DataAccess", "..\TODO.DataAccess\TODO.DataAccess.csproj", "{9A6DCD4A-2E58-48D8-9D6D-DEC46F8BA79F}"
EndProject
Project("{FAE04EC0-301F-11D3-BF4B-00C04F79EFBC}") = "TODO.Infrastructure", "..\TODO.Infrastructure\TODO.Infrastructure.csproj", "{6FC6F16F-6FD9-4E06-BBFE-99603C7EEEF7}"
EndProject
Project("{2150E333-8FDC-42A3-9474-1A3956D46DE8}") = "src", "src", "{4CC907C5-0BB5-421F-A6FF-B80EE36F5145}"
EndProject
Project("{2150E333-8FDC-42A3-9474-1A3956D46DE8}") = "tests", "tests", "{A193DB91-A964-44D4-84BC-3DFC66157F4C}"
EndProject
Project("{FAE04EC0-301F-11D3-BF4B-00C04F79EFBC}") = "TODO.Domain.Tests", "..\TODO.Domain.Tests\TODO.Domain.Tests.csproj", "{93FD5858-D2AC-45D6-BA93-C49682041E22}"
EndProject
Global
	GlobalSection(SolutionConfigurationPlatforms) = preSolution
		Debug|Any CPU = Debug|Any CPU
		Release|Any CPU = Release|Any CPU
	EndGlobalSection
	GlobalSection(ProjectConfigurationPlatforms) = postSolution
		{42105344-D70B-4B76-AEC7-9AA835A52C77}.Debug|Any CPU.ActiveCfg = Debug|Any CPU
		{42105344-D70B-4B76-AEC7-9AA835A52C77}.Debug|Any CPU.Build.0 = Debug|Any CPU
		{42105344-D70B-4B76-AEC7-9AA835A52C77}.Release|Any CPU.ActiveCfg = Release|Any CPU
		{42105344-D70B-4B76-AEC7-9AA835A52C77}.Release|Any CPU.Build.0 = Release|Any CPU
		{E2540493-7427-42F4-8D3A-6FD02CF91556}.Debug|Any CPU.ActiveCfg = Debug|Any CPU
		{E2540493-7427-42F4-8D3A-6FD02CF91556}.Debug|Any CPU.Build.0 = Debug|Any CPU
		{E2540493-7427-42F4-8D3A-6FD02CF91556}.Release|Any CPU.ActiveCfg = Release|Any CPU
		{E2540493-7427-42F4-8D3A-6FD02CF91556}.Release|Any CPU.Build.0 = Release|Any CPU
		{6E6E1583-C354-4E2B-AA26-05257DEFA77C}.Debug|Any CPU.ActiveCfg = Debug|Any CPU
		{6E6E1583-C354-4E2B-AA26-05257DEFA77C}.Debug|Any CPU.Build.0 = Debug|Any CPU
		{6E6E1583-C354-4E2B-AA26-05257DEFA77C}.Release|Any CPU.ActiveCfg = Release|Any CPU
		{6E6E1583-C354-4E2B-AA26-05257DEFA77C}.Release|Any CPU.Build.0 = Release|Any CPU
		{9A6DCD4A-2E58-48D8-9D6D-DEC46F8BA79F}.Debug|Any CPU.ActiveCfg = Debug|Any CPU
		{9A6DCD4A-2E58-48D8-9D6D-DEC46F8BA79F}.Debug|Any CPU.Build.0 = Debug|Any CPU
		{9A6DCD4A-2E58-48D8-9D6D-DEC46F8BA79F}.Release|Any CPU.ActiveCfg = Release|Any CPU
		{9A6DCD4A-2E58-48D8-9D6D-DEC46F8BA79F}.Release|Any CPU.Build.0 = Release|Any CPU
		{6FC6F16F-6FD9-4E06-BBFE-99603C7EEEF7}.Debug|Any CPU.ActiveCfg = Debug|Any CPU
		{6FC6F16F-6FD9-4E06-BBFE-99603C7EEEF7}.Debug|Any CPU.Build.0 = Debug|Any CPU
		{6FC6F16F-6FD9-4E06-BBFE-99603C7EEEF7}.Release|Any CPU.ActiveCfg = Release|Any CPU
		{6FC6F16F-6FD9-4E06-BBFE-99603C7EEEF7}.Release|Any CPU.Build.0 = Release|Any CPU
		{93FD5858-D2AC-45D6-BA93-C49682041E22}.Debug|Any CPU.ActiveCfg = Debug|Any CPU
		{93FD5858-D2AC-45D6-BA93-C49682041E22}.Debug|Any CPU.Build.0 = Debug|Any CPU
		{93FD5858-D2AC-45D6-BA93-C49682041E22}.Release|Any CPU.ActiveCfg = Release|Any CPU
		{93FD5858-D2AC-45D6-BA93-C49682041E22}.Release|Any CPU.Build.0 = Release|Any CPU
	EndGlobalSection
	GlobalSection(SolutionProperties) = preSolution
		HideSolutionNode = FALSE
	EndGlobalSection
	GlobalSection(NestedProjects) = preSolution
		{42105344-D70B-4B76-AEC7-9AA835A52C77} = {4CC907C5-0BB5-421F-A6FF-B80EE36F5145}
		{E2540493-7427-42F4-8D3A-6FD02CF91556} = {4CC907C5-0BB5-421F-A6FF-B80EE36F5145}
		{6E6E1583-C354-4E2B-AA26-05257DEFA77C} = {4CC907C5-0BB5-421F-A6FF-B80EE36F5145}
		{9A6DCD4A-2E58-48D8-9D6D-DEC46F8BA79F} = {4CC907C5-0BB5-421F-A6FF-B80EE36F5145}
		{6FC6F16F-6FD9-4E06-BBFE-99603C7EEEF7} = {4CC907C5-0BB5-421F-A6FF-B80EE36F5145}
		{93FD5858-D2AC-45D6-BA93-C49682041E22} = {A193DB91-A964-44D4-84BC-3DFC66157F4C}
	EndGlobalSection
	GlobalSection(ExtensibilityGlobals) = postSolution
		SolutionGuid = {4C10CA7A-1E74-419A-81A1-DFE50D51F02E}
	EndGlobalSection
EndGlobal
